PODS:
  - Boardy (1.47.3):
    - Boardy/Default (= 1.47.3)
  - Boardy/Attachable (1.47.3):
    - Boardy/Core
  - Boardy/ComponentKit (1.47.3):
    - Boardy/Core
  - Boardy/Composable (1.47.3):
    - Boardy/Attachable
    - Boardy/Core
    - UIComposable
  - Boardy/Core (1.47.3)
  - Boardy/Default (1.47.3):
    - Boardy/Attachable
    - Boardy/ComponentKit
    - Boardy/Core
    - Boardy/ModulePlugin
  - Boardy/ModulePlugin (1.47.3):
    - Boardy/Core
  - DiffableDataSources (0.4.0):
    - DifferenceKit/AppKitExtension (~> 1.1)
    - DifferenceKit/UIKitExtension (~> 1.1)
  - DifferenceKit/Core (1.1.5)
  - DifferenceKit/UIKitExtension (1.1.5):
    - DifferenceKit/Core
  - Localize-Swift (3.2.0):
    - Localize-Swift/LocalizeSwiftCore (= 3.2.0)
    - Localize-Swift/UIKit (= 3.2.0)
  - Localize-Swift/LocalizeSwiftCore (3.2.0)
  - Localize-Swift/UIKit (3.2.0):
    - Localize-Swift/LocalizeSwiftCore
  - Resolver (1.2.1)
  - RIBs (0.9.3):
    - RxRelay (~> 6.0.0)
    - RxSwift (~> 6.0.0)
  - RxRelay (6.0.0):
    - RxSwift (= 6.0.0)
  - RxSwift (6.0.0)
  - SiFUtilities (4.17.1):
    - SiFUtilities/Default (= 4.17.1)
  - SiFUtilities/Default (4.17.1):
    - SiFUtilities/Endpoint
    - SiFUtilities/Foundation
    - SiFUtilities/Helpers
    - SiFUtilities/IBDesignable
    - SiFUtilities/KeyValue
    - SiFUtilities/Loading
    - SiFUtilities/Localize
    - SiFUtilities/Media
    - SiFUtilities/Nib
    - SiFUtilities/Runtime
    - SiFUtilities/Show
    - SiFUtilities/UIKit
    - SiFUtilities/WeakObject
  - SiFUtilities/Endpoint (4.17.1)
  - SiFUtilities/Foundation (4.17.1)
  - SiFUtilities/Helpers (4.17.1)
  - SiFUtilities/IBDesignable (4.17.1):
    - SiFUtilities/UIKit
  - SiFUtilities/KeyValue (4.17.1)
  - SiFUtilities/Loading (4.17.1)
  - SiFUtilities/Localize (4.17.1):
    - Localize-Swift
    - SiFUtilities/Foundation
    - SiFUtilities/Runtime
    - SiFUtilities/UIKit
  - SiFUtilities/Media (4.17.1)
  - SiFUtilities/Nib (4.17.1):
    - SiFUtilities/Foundation
  - SiFUtilities/Runtime (4.17.1)
  - SiFUtilities/Show (4.17.1):
    - SiFUtilities/UIKit
  - SiFUtilities/UIKit (4.17.1)
  - SiFUtilities/WeakObject (4.17.1)
  - SwiftFormat/CLI (0.49.7)
  - UIComposable (0.5.1):
    - UIComposable/Default (= 0.5.1)
  - UIComposable/Core (0.5.1)
  - UIComposable/Default (0.5.1):
    - UIComposable/Core
    - UIComposable/UIKit
  - UIComposable/DiffUI (0.5.1):
    - DiffableDataSources
    - UIComposable/Core
  - UIComposable/UIKit (0.5.1):
    - UIComposable/Core
  - ViewStateCore (1.7.0)

DEPENDENCIES:
  - Boardy (from `../`)
  - Boardy/ComponentKit (from `../`)
  - Boardy/Composable (from `../`)
  - Boardy/ModulePlugin (from `../`)
  - Resolver (= 1.2.1)
  - RIBs (from `https://github.com/uber/RIBs.git`, branch `master`)
  - SiFUtilities
  - SwiftFormat/CLI
  - UIComposable/DiffUI
  - ViewStateCore

SPEC REPOS:
  trunk:
    - DiffableDataSources
    - DifferenceKit
    - Localize-Swift
    - Resolver
    - RxRelay
    - RxSwift
    - SiFUtilities
    - SwiftFormat
    - UIComposable
    - ViewStateCore

EXTERNAL SOURCES:
  Boardy:
    :path: "../"
  RIBs:
    :branch: master
    :git: https://github.com/uber/RIBs.git

CHECKOUT OPTIONS:
  RIBs:
    :commit: 32ca504b7e58f1929bec7ae34101ec3f75a17127
    :git: https://github.com/uber/RIBs.git

SPEC CHECKSUMS:
  Boardy: ab75c681ace5952e6518f249006c9bdd64062fa8
  DiffableDataSources: 80396cec405c9b29e1e07b55c9be7d11b46c8741
  DifferenceKit: 516f12e336ed65a3a0665847b5c3cb5cad4bd4ea
  Localize-Swift: 6f4475136bdb0d7b2882ea3d4ea919d70142b232
  Resolver: 764e380b2ddb26bba48c6e45ab393c968894a156
  RIBs: dd8df1129289d51ed4fec6e2127613d9eaba204e
  RxRelay: 8d593be109c06ea850df027351beba614b012ffb
  RxSwift: c14e798c59b9f6e9a2df8fd235602e85cc044295
  SiFUtilities: 6e2b198ae66898a3ad05ec2b25a1632f570c9ac2
  SwiftFormat: b70e3c776a74c67ce8bd140425a8c86d4a843759
  UIComposable: a002bab42cc52f8f71df1282fa4432583dd8c860
  ViewStateCore: 2f433a0e17e44edf36e90f52c0887d981c08d1a7

PODFILE CHECKSUM: bb7c5364628b6bd7b31463bcfc0196ad734889ac

COCOAPODS: 1.11.3
