PODS:
  - Boardy (0.9.5):
    - Boardy/Default (= 0.9.5)
    - RxDataSources
    - SnapKit
  - Boardy/Core (0.9.5):
    - RxDataSources
    - SnapKit
  - Boardy/Default (0.9.5):
    - Boardy/Core
    - RxDataSources
    - SnapKit
  - Boardy/UI (0.9.5):
    - Boardy/Core
    - RxDataSources
    - SnapKit
  - Differentiator (4.0.1)
  - Localize-Swift (3.1.0)
  - Resolver (1.1.4)
  - RIBs (0.9.3):
    - RxRelay (~> 5.1)
    - RxSwift (~> 5.1)
  - RxCocoa (5.1.1):
    - RxRelay (~> 5)
    - RxSwift (~> 5)
  - RxDataSources (4.0.1):
    - Differentiator (~> 4.0)
    - RxCocoa (~> 5.0)
    - RxSwift (~> 5.0)
  - RxRelay (5.1.1):
    - RxSwift (~> 5)
  - RxSwift (5.1.1)
  - SiFUtilities (4.7.0):
    - SiFUtilities/Default (= 4.7.0)
  - SiFUtilities/Core (4.7.0)
  - SiFUtilities/Default (4.7.0):
    - SiFUtilities/Core
    - SiFUtilities/Endpoint
    - SiFUtilities/Helpers
    - SiFUtilities/IBDesignable
    - SiFUtilities/KeyValue
    - SiFUtilities/Loading
    - SiFUtilities/Localize
    - SiFUtilities/Nib
    - SiFUtilities/Runtime
    - SiFUtilities/Show
    - SiFUtilities/WeakObject
  - SiFUtilities/Endpoint (4.7.0)
  - SiFUtilities/Helpers (4.7.0)
  - SiFUtilities/IBDesignable (4.7.0):
    - SiFUtilities/Core
  - SiFUtilities/KeyValue (4.7.0)
  - SiFUtilities/Loading (4.7.0)
  - SiFUtilities/Localize (4.7.0):
    - Localize-Swift
    - SiFUtilities/Core
    - SiFUtilities/Runtime
  - SiFUtilities/Nib (4.7.0):
    - SiFUtilities/Core
  - SiFUtilities/Runtime (4.7.0)
  - SiFUtilities/Show (4.7.0):
    - SiFUtilities/Core
    - SiFUtilities/Localize
  - SiFUtilities/WeakObject (4.7.0)
  - SnapKit (5.0.1)
  - ViewStateCore (1.7.0)

DEPENDENCIES:
  - Boardy (from `../`)
  - Boardy/UI (from `../`)
  - Resolver (~> 1.1)
  - RIBs (from `https://github.com/uber/RIBs.git`, branch `master`)
  - SiFUtilities
  - ViewStateCore

SPEC REPOS:
  trunk:
    - Differentiator
    - Localize-Swift
    - Resolver
    - RxCocoa
    - RxDataSources
    - RxRelay
    - RxSwift
    - SiFUtilities
    - SnapKit
    - ViewStateCore

EXTERNAL SOURCES:
  Boardy:
    :path: "../"
  RIBs:
    :branch: master
    :git: https://github.com/uber/RIBs.git

CHECKOUT OPTIONS:
  RIBs:
    :commit: ffc489f00db785c8c0051678393f7aba0d52f1a4
    :git: https://github.com/uber/RIBs.git

SPEC CHECKSUMS:
  Boardy: a75bd4e3e77384f7916261fc5d95b499bb18725a
  Differentiator: 886080237d9f87f322641dedbc5be257061b0602
  Localize-Swift: 4bed4f0ccac8be2ec3517ee359da80ba2adb0fae
  Resolver: 1f4c046255cbadfa97094692e16e940d4329779f
  RIBs: d4c4c7e7e4580f0bbe88bdc88b6c11704a738b7f
  RxCocoa: 32065309a38d29b5b0db858819b5bf9ef038b601
  RxDataSources: efee07fa4de48477eca0a4611e6d11e2da9c1114
  RxRelay: d77f7d771495f43c556cbc43eebd1bb54d01e8e9
  RxSwift: 81470a2074fa8780320ea5fe4102807cb7118178
  SiFUtilities: b65c75d62fd43c3c30018cd64f58d0a048e9e19c
  SnapKit: 97b92857e3df3a0c71833cce143274bf6ef8e5eb
  ViewStateCore: 2f433a0e17e44edf36e90f52c0887d981c08d1a7

PODFILE CHECKSUM: 1b906a486231a67834a0d87f45ef81284d5e2190

COCOAPODS: 1.9.3
